
Microsoft Visual Studio Solution File, Format Version 12.00
# Visual Studio Version 16
VisualStudioVersion = 16.0.30804.86
MinimumVisualStudioVersion = 10.0.40219.1
Project("{FAE04EC0-301F-11D3-BF4B-00C04F79EFBC}") = "Base64Coder", "Base64Coder\Base64Coder.csproj", "{30ABF109-DD6F-47C3-9DA7-AF59B6E084E7}"
EndProject
Project("{FAE04EC0-301F-11D3-BF4B-00C04F79EFBC}") = "App.Lib", "App.Lib\App.Lib.csproj", "{13349F34-E023-4BD2-9960-FBB82BBA1138}"
EndProject
Global
	GlobalSection(SolutionConfigurationPlatforms) = preSolution
		Debug|Any CPU = Debug|Any CPU
		Release|Any CPU = Release|Any CPU
	EndGlobalSection
	GlobalSection(ProjectConfigurationPlatforms) = postSolution
		{30ABF109-DD6F-47C3-9DA7-AF59B6E084E7}.Debug|Any CPU.ActiveCfg = Debug|Any CPU
		{30ABF109-DD6F-47C3-9DA7-AF59B6E084E7}.Debug|Any CPU.Build.0 = Debug|Any CPU
		{30ABF109-DD6F-47C3-9DA7-AF59B6E084E7}.Release|Any CPU.ActiveCfg = Release|Any CPU
		{30ABF109-DD6F-47C3-9DA7-AF59B6E084E7}.Release|Any CPU.Build.0 = Release|Any CPU
		{13349F34-E023-4BD2-9960-FBB82BBA1138}.Debug|Any CPU.ActiveCfg = Debug|Any CPU
		{13349F34-E023-4BD2-9960-FBB82BBA1138}.Debug|Any CPU.Build.0 = Debug|Any CPU
		{13349F34-E023-4BD2-9960-FBB82BBA1138}.Release|Any CPU.ActiveCfg = Release|Any CPU
		{13349F34-E023-4BD2-9960-FBB82BBA1138}.Release|Any CPU.Build.0 = Release|Any CPU
	EndGlobalSection
	GlobalSection(SolutionProperties) = preSolution
		HideSolutionNode = FALSE
	EndGlobalSection
	GlobalSection(ExtensibilityGlobals) = postSolution
		SolutionGuid = {4D66D81E-E17A-4513-9467-CB2AAE25EBD1}
	EndGlobalSection
EndGlobal
